
Microsoft Visual Studio Solution File, Format Version 12.00
# Visual Studio Version 17
VisualStudioVersion = 17.2.32602.215
MinimumVisualStudioVersion = 10.0.40219.1
Project("{00D1A9C2-B5F0-4AF3-8072-F6C62B433612}") = "Code360Database", "Code360Database.sqlproj", "{4ED4B821-EC89-4F4C-9EDB-FD7FC131D8FE}"
EndProject
Global
	GlobalSection(SolutionConfigurationPlatforms) = preSolution
		Debug|Any CPU = Debug|Any CPU
		Release|Any CPU = Release|Any CPU
	EndGlobalSection
	GlobalSection(ProjectConfigurationPlatforms) = postSolution
		{4ED4B821-EC89-4F4C-9EDB-FD7FC131D8FE}.Debug|Any CPU.ActiveCfg = Debug|Any CPU
		{4ED4B821-EC89-4F4C-9EDB-FD7FC131D8FE}.Debug|Any CPU.Build.0 = Debug|Any CPU
		{4ED4B821-EC89-4F4C-9EDB-FD7FC131D8FE}.Debug|Any CPU.Deploy.0 = Debug|Any CPU
		{4ED4B821-EC89-4F4C-9EDB-FD7FC131D8FE}.Release|Any CPU.ActiveCfg = Release|Any CPU
		{4ED4B821-EC89-4F4C-9EDB-FD7FC131D8FE}.Release|Any CPU.Build.0 = Release|Any CPU
		{4ED4B821-EC89-4F4C-9EDB-FD7FC131D8FE}.Release|Any CPU.Deploy.0 = Release|Any CPU
	EndGlobalSection
	GlobalSection(SolutionProperties) = preSolution
		HideSolutionNode = FALSE
	EndGlobalSection
	GlobalSection(ExtensibilityGlobals) = postSolution
		SolutionGuid = {86255908-8851-42B3-A16B-AA19B1AB0F90}
	EndGlobalSection
EndGlobal
